Microsoft Visual Studio Solution File, Format Version 12.00
# Visual Studio Version 17
VisualStudioVersion = 17.5.2.0
MinimumVisualStudioVersion = 10.0.40219.1
Project("{FAE04EC0-301F-11D3-BF4B-00C04F79EFBC}") = "GoogleAuth_Backend", "GoogleAuth_Backend.csproj", "{B924ACD1-C647-44CB-8C94-F9F1589F9312}"
EndProject
Global
	GlobalSection(SolutionConfigurationPlatforms) = preSolution
		Debug|Any CPU = Debug|Any CPU
		Release|Any CPU = Release|Any CPU
	EndGlobalSection
	GlobalSection(ProjectConfigurationPlatforms) = postSolution
		{B924ACD1-C647-44CB-8C94-F9F1589F9312}.Debug|Any CPU.ActiveCfg = Debug|Any CPU
		{B924ACD1-C647-44CB-8C94-F9F1589F9312}.Debug|Any CPU.Build.0 = Debug|Any CPU
		{B924ACD1-C647-44CB-8C94-F9F1589F9312}.Release|Any CPU.ActiveCfg = Release|Any CPU
		{B924ACD1-C647-44CB-8C94-F9F1589F9312}.Release|Any CPU.Build.0 = Release|Any CPU
	EndGlobalSection
	GlobalSection(SolutionProperties) = preSolution
		HideSolutionNode = FALSE
	EndGlobalSection
	GlobalSection(ExtensibilityGlobals) = postSolution
		SolutionGuid = {B9E2AAF0-6028-4176-B509-6D4E3E6E73B5}
	EndGlobalSection
EndGlobal
